
Microsoft Visual Studio Solution File, Format Version 12.00
# Visual Studio Version 17
VisualStudioVersion = 17.10.34916.146
MinimumVisualStudioVersion = 10.0.40219.1
Project("{2150E333-8FDC-42A3-9474-1A3956D46DE8}") = "Application", "Application", "{841C8818-F36B-472D-994D-88BA581305C4}"
EndProject
Project("{9A19103F-16F7-4668-BE54-9A1E7A4F7556}") = "ManageCredits.API", "ManageCredits.API\ManageCredits.API.csproj", "{E07C0DD3-C77D-4106-9CD1-A2E4546EE1FA}"
EndProject
Project("{2150E333-8FDC-42A3-9474-1A3956D46DE8}") = "Elementos de la solución", "Elementos de la solución", "{925CD76A-CF86-40E8-AFE0-A8B7DD1494A8}"
	ProjectSection(SolutionItems) = preProject
		.editorconfig = .editorconfig
		.gitattributes = .gitattributes
		.gitignore = .gitignore
		LICENSE = LICENSE
		README.md = README.md
	EndProjectSection
EndProject
Project("{9A19103F-16F7-4668-BE54-9A1E7A4F7556}") = "ManageCredits.Contracts", "ManageCredits.Contracts\ManageCredits.Contracts.csproj", "{E5A551FE-5F86-45CB-945C-02D910163C1D}"
EndProject
Project("{9A19103F-16F7-4668-BE54-9A1E7A4F7556}") = "ManageCredits.Domain", "ManageCredits.Domain\ManageCredits.Domain.csproj", "{788E0F24-4C34-48C3-8A15-6BCC49097FCB}"
EndProject
Project("{9A19103F-16F7-4668-BE54-9A1E7A4F7556}") = "ManageCredits.Domain.Entities", "ManageCredits.Domain.Entities\ManageCredits.Domain.Entities.csproj", "{00B8F180-0549-4416-8B6B-9C882496BD1F}"
EndProject
Project("{9A19103F-16F7-4668-BE54-9A1E7A4F7556}") = "ManageCredits.Domain.Helpers", "ManageCredits.Domain.Helpers\ManageCredits.Domain.Helpers.csproj", "{CD0DA0D4-04AB-48BC-84F3-5DA1FDEE71C6}"
EndProject
Project("{9A19103F-16F7-4668-BE54-9A1E7A4F7556}") = "ManageCredits.Infrastructure", "ManageCredits.Infrastructure\ManageCredits.Infrastructure.csproj", "{5C0DFC56-A61A-4D2F-A5CE-7AFAAFF5F037}"
EndProject
Project("{9A19103F-16F7-4668-BE54-9A1E7A4F7556}") = "ManageCredits.Tests", "ManageCredits.Tests\ManageCredits.Tests.csproj", "{CE951D6B-F327-4BA1-B431-33559ED6EE06}"
EndProject
Project("{E53339B2-1760-4266-BCC7-CA923CBCF16C}") = "docker-compose", "docker-compose.dcproj", "{B4476CAB-0538-4B5E-AD3F-D00E613B0C10}"
EndProject
Global
	GlobalSection(SolutionConfigurationPlatforms) = preSolution
		Debug|Any CPU = Debug|Any CPU
		Release|Any CPU = Release|Any CPU
	EndGlobalSection
	GlobalSection(ProjectConfigurationPlatforms) = postSolution
		{E07C0DD3-C77D-4106-9CD1-A2E4546EE1FA}.Debug|Any CPU.ActiveCfg = Debug|Any CPU
		{E07C0DD3-C77D-4106-9CD1-A2E4546EE1FA}.Debug|Any CPU.Build.0 = Debug|Any CPU
		{E07C0DD3-C77D-4106-9CD1-A2E4546EE1FA}.Release|Any CPU.ActiveCfg = Release|Any CPU
		{E07C0DD3-C77D-4106-9CD1-A2E4546EE1FA}.Release|Any CPU.Build.0 = Release|Any CPU
		{E5A551FE-5F86-45CB-945C-02D910163C1D}.Debug|Any CPU.ActiveCfg = Debug|Any CPU
		{E5A551FE-5F86-45CB-945C-02D910163C1D}.Debug|Any CPU.Build.0 = Debug|Any CPU
		{E5A551FE-5F86-45CB-945C-02D910163C1D}.Release|Any CPU.ActiveCfg = Release|Any CPU
		{E5A551FE-5F86-45CB-945C-02D910163C1D}.Release|Any CPU.Build.0 = Release|Any CPU
		{788E0F24-4C34-48C3-8A15-6BCC49097FCB}.Debug|Any CPU.ActiveCfg = Debug|Any CPU
		{788E0F24-4C34-48C3-8A15-6BCC49097FCB}.Debug|Any CPU.Build.0 = Debug|Any CPU
		{788E0F24-4C34-48C3-8A15-6BCC49097FCB}.Release|Any CPU.ActiveCfg = Release|Any CPU
		{788E0F24-4C34-48C3-8A15-6BCC49097FCB}.Release|Any CPU.Build.0 = Release|Any CPU
		{00B8F180-0549-4416-8B6B-9C882496BD1F}.Debug|Any CPU.ActiveCfg = Debug|Any CPU
		{00B8F180-0549-4416-8B6B-9C882496BD1F}.Debug|Any CPU.Build.0 = Debug|Any CPU
		{00B8F180-0549-4416-8B6B-9C882496BD1F}.Release|Any CPU.ActiveCfg = Release|Any CPU
		{00B8F180-0549-4416-8B6B-9C882496BD1F}.Release|Any CPU.Build.0 = Release|Any CPU
		{CD0DA0D4-04AB-48BC-84F3-5DA1FDEE71C6}.Debug|Any CPU.ActiveCfg = Debug|Any CPU
		{CD0DA0D4-04AB-48BC-84F3-5DA1FDEE71C6}.Debug|Any CPU.Build.0 = Debug|Any CPU
		{CD0DA0D4-04AB-48BC-84F3-5DA1FDEE71C6}.Release|Any CPU.ActiveCfg = Release|Any CPU
		{CD0DA0D4-04AB-48BC-84F3-5DA1FDEE71C6}.Release|Any CPU.Build.0 = Release|Any CPU
		{5C0DFC56-A61A-4D2F-A5CE-7AFAAFF5F037}.Debug|Any CPU.ActiveCfg = Debug|Any CPU
		{5C0DFC56-A61A-4D2F-A5CE-7AFAAFF5F037}.Debug|Any CPU.Build.0 = Debug|Any CPU
		{5C0DFC56-A61A-4D2F-A5CE-7AFAAFF5F037}.Release|Any CPU.ActiveCfg = Release|Any CPU
		{5C0DFC56-A61A-4D2F-A5CE-7AFAAFF5F037}.Release|Any CPU.Build.0 = Release|Any CPU
		{CE951D6B-F327-4BA1-B431-33559ED6EE06}.Debug|Any CPU.ActiveCfg = Debug|Any CPU
		{CE951D6B-F327-4BA1-B431-33559ED6EE06}.Debug|Any CPU.Build.0 = Debug|Any CPU
		{CE951D6B-F327-4BA1-B431-33559ED6EE06}.Release|Any CPU.ActiveCfg = Release|Any CPU
		{CE951D6B-F327-4BA1-B431-33559ED6EE06}.Release|Any CPU.Build.0 = Release|Any CPU
		{B4476CAB-0538-4B5E-AD3F-D00E613B0C10}.Debug|Any CPU.ActiveCfg = Debug|Any CPU
		{B4476CAB-0538-4B5E-AD3F-D00E613B0C10}.Debug|Any CPU.Build.0 = Debug|Any CPU
		{B4476CAB-0538-4B5E-AD3F-D00E613B0C10}.Release|Any CPU.ActiveCfg = Release|Any CPU
		{B4476CAB-0538-4B5E-AD3F-D00E613B0C10}.Release|Any CPU.Build.0 = Release|Any CPU
	EndGlobalSection
	GlobalSection(SolutionProperties) = preSolution
		HideSolutionNode = FALSE
	EndGlobalSection
	GlobalSection(NestedProjects) = preSolution
		{E07C0DD3-C77D-4106-9CD1-A2E4546EE1FA} = {841C8818-F36B-472D-994D-88BA581305C4}
	EndGlobalSection
	GlobalSection(ExtensibilityGlobals) = postSolution
		SolutionGuid = {673926DD-07C0-4495-9B84-5AB8AD1F5672}
	EndGlobalSection
EndGlobal
